// !$*UTF8*$!
{
	archiveVersion = 1;
	classes = {
	};
	objectVersion = 46;
	objects = {

/* Begin PBXBuildFile section */
		27F7584F19DAF95A008C0412 /* AppDelegate.swift in Sources */ = {isa = PBXBuildFile; fileRef = 27F7584E19DAF95A008C0412 /* AppDelegate.swift */; };
		27F7585119DAF95A008C0412 /* ViewController.swift in Sources */ = {isa = PBXBuildFile; fileRef = 27F7585019DAF95A008C0412 /* ViewController.swift */; };
		27F7585419DAF95A008C0412 /* Main.storyboard in Resources */ = {isa = PBXBuildFile; fileRef = 27F7585219DAF95A008C0412 /* Main.storyboard */; };
		27F7585619DAF95A008C0412 /* Images.xcassets in Resources */ = {isa = PBXBuildFile; fileRef = 27F7585519DAF95A008C0412 /* Images.xcassets */; };
		27F7585919DAF95A008C0412 /* LaunchScreen.xib in Resources */ = {isa = PBXBuildFile; fileRef = 27F7585719DAF95A008C0412 /* LaunchScreen.xib */; };
		27F7586519DAF95A008C0412 /* Square_TokenTests.swift in Sources */ = {isa = PBXBuildFile; fileRef = 27F7586419DAF95A008C0412 /* Square_TokenTests.swift */; };
/* End PBXBuildFile section */

/* Begin PBXContainerItemProxy section */
		27F7585F19DAF95A008C0412 /* PBXContainerItemProxy */ = {
			isa = PBXContainerItemProxy;
			containerPortal = 27F7584119DAF95A008C0412 /* Project object */;
			proxyType = 1;
			remoteGlobalIDString = 27F7584819DAF95A008C0412;
			remoteInfo = "Square Token";
		};
/* End PBXContainerItemProxy section */

/* Begin PBXFileReference section */
		27F7584919DAF95A008C0412 /* Square Token.app */ = {isa = PBXFileReference; explicitFileType = wrapper.application; includeInIndex = 0; path = "Square Token.app"; sourceTree = BUILT_PRODUCTS_DIR; };
		27F7584D19DAF95A008C0412 /* Info.plist */ = {isa = PBXFileReference; lastKnownFileType = text.plist.xml; path = Info.plist; sourceTree = "<group>"; };
		27F7584E19DAF95A008C0412 /* AppDelegate.swift */ = {isa = PBXFileReference; lastKnownFileType = sourcecode.swift; path = AppDelegate.swift; sourceTree = "<group>"; };
		27F7585019DAF95A008C0412 /* ViewController.swift */ = {isa = PBXFileReference; lastKnownFileType = sourcecode.swift; path = ViewController.swift; sourceTree = "<group>"; };
		27F7585319DAF95A008C0412 /* Base */ = {isa = PBXFileReference; lastKnownFileType = file.storyboard; name = Base; path = Base.lproj/Main.storyboard; sourceTree = "<group>"; };
		27F7585519DAF95A008C0412 /* Images.xcassets */ = {isa = PBXFileReference; lastKnownFileType = folder.assetcatalog; path = Images.xcassets; sourceTree = "<group>"; };
		27F7585819DAF95A008C0412 /* Base */ = {isa = PBXFileReference; lastKnownFileType = file.xib; name = Base; path = Base.lproj/LaunchScreen.xib; sourceTree = "<group>"; };
		27F7585E19DAF95A008C0412 /* Square TokenTests.xctest */ = {isa = PBXFileReference; explicitFileType = wrapper.cfbundle; includeInIndex = 0; path = "Square TokenTests.xctest"; sourceTree = BUILT_PRODUCTS_DIR; };
		27F7586319DAF95A008C0412 /* Info.plist */ = {isa = PBXFileReference; lastKnownFileType = text.plist.xml; path = Info.plist; sourceTree = "<group>"; };
		27F7586419DAF95A008C0412 /* Square_TokenTests.swift */ = {isa = PBXFileReference; lastKnownFileType = sourcecode.swift; path = Square_TokenTests.swift; sourceTree = "<group>"; };
/* End PBXFileReference section */

/* Begin PBXFrameworksBuildPhase section */
		27F7584619DAF95A008C0412 /* Frameworks */ = {
			isa = PBXFrameworksBuildPhase;
			buildActionMask = 2147483647;
			files = (
			);
			runOnlyForDeploymentPostprocessing = 0;
		};
		27F7585B19DAF95A008C0412 /* Frameworks */ = {
			isa = PBXFrameworksBuildPhase;
			buildActionMask = 2147483647;
			files = (
			);
			runOnlyForDeploymentPostprocessing = 0;
		};
/* End PBXFrameworksBuildPhase section */

/* Begin PBXGroup section */
		27F7584019DAF95A008C0412 = {
			isa = PBXGroup;
			children = (
				27F7584B19DAF95A008C0412 /* Square Token */,
				27F7586119DAF95A008C0412 /* Square TokenTests */,
				27F7584A19DAF95A008C0412 /* Products */,
			);
			sourceTree = "<group>";
		};
		27F7584A19DAF95A008C0412 /* Products */ = {
			isa = PBXGroup;
			children = (
				27F7584919DAF95A008C0412 /* Square Token.app */,
				27F7585E19DAF95A008C0412 /* Square TokenTests.xctest */,
			);
			name = Products;
			sourceTree = "<group>";
		};
		27F7584B19DAF95A008C0412 /* Square Token */ = {
			isa = PBXGroup;
			children = (
				27F7584E19DAF95A008C0412 /* AppDelegate.swift */,
				27F7585019DAF95A008C0412 /* ViewController.swift */,
				27F7585219DAF95A008C0412 /* Main.storyboard */,
				27F7585519DAF95A008C0412 /* Images.xcassets */,
				27F7585719DAF95A008C0412 /* LaunchScreen.xib */,
				27F7584C19DAF95A008C0412 /* Supporting Files */,
			);
			path = "Square Token";
			sourceTree = "<group>";
		};
		27F7584C19DAF95A008C0412 /* Supporting Files */ = {
			isa = PBXGroup;
			children = (
				27F7584D19DAF95A008C0412 /* Info.plist */,
			);
			name = "Supporting Files";
			sourceTree = "<group>";
		};
		27F7586119DAF95A008C0412 /* Square TokenTests */ = {
			isa = PBXGroup;
			children = (
				27F7586419DAF95A008C0412 /* Square_TokenTests.swift */,
				27F7586219DAF95A008C0412 /* Supporting Files */,
			);
			path = "Square TokenTests";
			sourceTree = "<group>";
		};
		27F7586219DAF95A008C0412 /* Supporting Files */ = {
			isa = PBXGroup;
			children = (
				27F7586319DAF95A008C0412 /* Info.plist */,
			);
			name = "Supporting Files";
			sourceTree = "<group>";
		};
/* End PBXGroup section */

/* Begin PBXNativeTarget section */
		27F7584819DAF95A008C0412 /* Square Token */ = {
			isa = PBXNativeTarget;
			buildConfigurationList = 27F7586819DAF95A008C0412 /* Build configuration list for PBXNativeTarget "Square Token" */;
			buildPhases = (
				27F7584519DAF95A008C0412 /* Sources */,
				27F7584619DAF95A008C0412 /* Frameworks */,
				27F7584719DAF95A008C0412 /* Resources */,
			);
			buildRules = (
			);
			dependencies = (
			);
			name = "Square Token";
			productName = "Square Token";
			productReference = 27F7584919DAF95A008C0412 /* Square Token.app */;
			productType = "com.apple.product-type.application";
		};
		27F7585D19DAF95A008C0412 /* Square TokenTests */ = {
			isa = PBXNativeTarget;
			buildConfigurationList = 27F7586B19DAF95A008C0412 /* Build configuration list for PBXNativeTarget "Square TokenTests" */;
			buildPhases = (
				27F7585A19DAF95A008C0412 /* Sources */,
				27F7585B19DAF95A008C0412 /* Frameworks */,
				27F7585C19DAF95A008C0412 /* Resources */,
			);
			buildRules = (
			);
			dependencies = (
				27F7586019DAF95A008C0412 /* PBXTargetDependency */,
			);
			name = "Square TokenTests";
			productName = "Square TokenTests";
			productReference = 27F7585E19DAF95A008C0412 /* Square TokenTests.xctest */;
			productType = "com.apple.product-type.bundle.unit-test";
		};
/* End PBXNativeTarget section */

/* Begin PBXProject section */
		27F7584119DAF95A008C0412 /* Project object */ = {
			isa = PBXProject;
			attributes = {
				LastUpgradeCheck = 0600;
				ORGANIZATIONNAME = "Katlyn Schwaebe";
				TargetAttributes = {
					27F7584819DAF95A008C0412 = {
						CreatedOnToolsVersion = 6.0;
					};
					27F7585D19DAF95A008C0412 = {
						CreatedOnToolsVersion = 6.0;
						TestTargetID = 27F7584819DAF95A008C0412;
					};
				};
			};
			buildConfigurationList = 27F7584419DAF95A008C0412 /* Build configuration list for PBXProject "Square Token" */;
			compatibilityVersion = "Xcode 3.2";
			developmentRegion = English;
			hasScannedForEncodings = 0;
			knownRegions = (
				en,
				Base,
			);
			mainGroup = 27F7584019DAF95A008C0412;
			productRefGroup = 27F7584A19DAF95A008C0412 /* Products */;
			projectDirPath = "";
			projectRoot = "";
			targets = (
				27F7584819DAF95A008C0412 /* Square Token */,
				27F7585D19DAF95A008C0412 /* Square TokenTests */,
			);
		};
/* End PBXProject section */

/* Begin PBXResourcesBuildPhase section */
		27F7584719DAF95A008C0412 /* Resources */ = {
			isa = PBXResourcesBuildPhase;
			buildActionMask = 2147483647;
			files = (
				27F7585419DAF95A008C0412 /* Main.storyboard in Resources */,
				27F7585919DAF95A008C0412 /* LaunchScreen.xib in Resources */,
				27F7585619DAF95A008C0412 /* Images.xcassets in Resources */,
			);
			runOnlyForDeploymentPostprocessing = 0;
		};
		27F7585C19DAF95A008C0412 /* Resources */ = {
			isa = PBXResourcesBuildPhase;
			buildActionMask = 2147483647;
			files = (
			);
			runOnlyForDeploymentPostprocessing = 0;
		};
/* End PBXResourcesBuildPhase section */

/* Begin PBXSourcesBuildPhase section */
		27F7584519DAF95A008C0412 /* Sources */ = {
			isa = PBXSourcesBuildPhase;
			buildActionMask = 2147483647;
			files = (
				27F7585119DAF95A008C0412 /* ViewController.swift in Sources */,
				27F7584F19DAF95A008C0412 /* AppDelegate.swift in Sources */,
			);
			runOnlyForDeploymentPostprocessing = 0;
		};
		27F7585A19DAF95A008C0412 /* Sources */ = {
			isa = PBXSourcesBuildPhase;
			buildActionMask = 2147483647;
			files = (
				27F7586519DAF95A008C0412 /* Square_TokenTests.swift in Sources */,
			);
			runOnlyForDeploymentPostprocessing = 0;
		};
/* End PBXSourcesBuildPhase section */

/* Begin PBXTargetDependency section */
		27F7586019DAF95A008C0412 /* PBXTargetDependency */ = {
			isa = PBXTargetDependency;
			target = 27F7584819DAF95A008C0412 /* Square Token */;
			targetProxy = 27F7585F19DAF95A008C0412 /* PBXContainerItemProxy */;
		};
/* End PBXTargetDependency section */

/* Begin PBXVariantGroup section */
		27F7585219DAF95A008C0412 /* Main.storyboard */ = {
			isa = PBXVariantGroup;
			children = (
				27F7585319DAF95A008C0412 /* Base */,
			);
			name = Main.storyboard;
			sourceTree = "<group>";
		};
		27F7585719DAF95A008C0412 /* LaunchScreen.xib */ = {
			isa = PBXVariantGroup;
			children = (
				27F7585819DAF95A008C0412 /* Base */,
			);
			name = LaunchScreen.xib;
			sourceTree = "<group>";
		};
/* End PBXVariantGroup section */

/* Begin XCBuildConfiguration section */
		27F7586619DAF95A008C0412 /* Debug */ = {
			isa = XCBuildConfiguration;
			buildSettings = {
				ALWAYS_SEARCH_USER_PATHS = NO;
				CLANG_CXX_LANGUAGE_STANDARD = "gnu++0x";
				CLANG_CXX_LIBRARY = "libc++";
				CLANG_ENABLE_MODULES = YES;
				CLANG_ENABLE_OBJC_ARC = YES;
				CLANG_WARN_BOOL_CONVERSION = YES;
				CLANG_WARN_CONSTANT_CONVERSION = YES;
				CLANG_WARN_DIRECT_OBJC_ISA_USAGE = YES_ERROR;
				CLANG_WARN_EMPTY_BODY = YES;
				CLANG_WARN_ENUM_CONVERSION = YES;
				CLANG_WARN_INT_CONVERSION = YES;
				CLANG_WARN_OBJC_ROOT_CLASS = YES_ERROR;
				CLANG_WARN_UNREACHABLE_CODE = YES;
				CLANG_WARN__DUPLICATE_METHOD_MATCH = YES;
				"CODE_SIGN_IDENTITY[sdk=iphoneos*]" = "iPhone Developer";
				COPY_PHASE_STRIP = NO;
				ENABLE_STRICT_OBJC_MSGSEND = YES;
				GCC_C_LANGUAGE_STANDARD = gnu99;
				GCC_DYNAMIC_NO_PIC = NO;
				GCC_OPTIMIZATION_LEVEL = 0;
				GCC_PREPROCESSOR_DEFINITIONS = (
					"DEBUG=1",
					"$(inherited)",
				);
				GCC_SYMBOLS_PRIVATE_EXTERN = NO;
				GCC_WARN_64_TO_32_BIT_CONVERSION = YES;
				GCC_WARN_ABOUT_RETURN_TYPE = YES_ERROR;
				GCC_WARN_UNDECLARED_SELECTOR = YES;
				GCC_WARN_UNINITIALIZED_AUTOS = YES_AGGRESSIVE;
				GCC_WARN_UNUSED_FUNCTION = YES;
				GCC_WARN_UNUSED_VARIABLE = YES;
				IPHONEOS_DEPLOYMENT_TARGET = 8.0;
				MTL_ENABLE_DEBUG_INFO = YES;
				ONLY_ACTIVE_ARCH = YES;
				SDKROOT = iphoneos;
				SWIFT_OPTIMIZATION_LEVEL = "-Onone";
			};
			name = Debug;
		};
		27F7586719DAF95A008C0412 /* Release */ = {
			isa = XCBuildConfiguration;
			buildSettings = {
				ALWAYS_SEARCH_USER_PATHS = NO;
				CLANG_CXX_LANGUAGE_STANDARD = "gnu++0x";
				CLANG_CXX_LIBRARY = "libc++";
				CLANG_ENABLE_MODULES = YES;
				CLANG_ENABLE_OBJC_ARC = YES;
				CLANG_WARN_BOOL_CONVERSION = YES;
				CLANG_WARN_CONSTANT_CONVERSION = YES;
				CLANG_WARN_DIRECT_OBJC_ISA_USAGE = YES_ERROR;
				CLANG_WARN_EMPTY_BODY = YES;
				CLANG_WARN_ENUM_CONVERSION = YES;
				CLANG_WARN_INT_CONVERSION = YES;
				CLANG_WARN_OBJC_ROOT_CLASS = YES_ERROR;
				CLANG_WARN_UNREACHABLE_CODE = YES;
				CLANG_WARN__DUPLICATE_METHOD_MATCH = YES;
				"CODE_SIGN_IDENTITY[sdk=iphoneos*]" = "iPhone Developer";
				COPY_PHASE_STRIP = YES;
				ENABLE_NS_ASSERTIONS = NO;
				ENABLE_STRICT_OBJC_MSGSEND = YES;
				GCC_C_LANGUAGE_STANDARD = gnu99;
				GCC_WARN_64_TO_32_BIT_CONVERSION = YES;
				GCC_WARN_ABOUT_RETURN_TYPE = YES_ERROR;
				GCC_WARN_UNDECLARED_SELECTOR = YES;
				GCC_WARN_UNINITIALIZED_AUTOS = YES_AGGRESSIVE;
				GCC_WARN_UNUSED_FUNCTION = YES;
				GCC_WARN_UNUSED_VARIABLE = YES;
				IPHONEOS_DEPLOYMENT_TARGET = 8.0;
				MTL_ENABLE_DEBUG_INFO = NO;
				SDKROOT = iphoneos;
				VALIDATE_PRODUCT = YES;
			};
			name = Release;
		};
		27F7586919DAF95A008C0412 /* Debug */ = {
			isa = XCBuildConfiguration;
			buildSettings = {
				ASSETCATALOG_COMPILER_APPICON_NAME = AppIcon;
				INFOPLIST_FILE = "Square Token/Info.plist";
				LD_RUNPATH_SEARCH_PATHS = "$(inherited) @executable_path/Frameworks";
				PRODUCT_NAME = "$(TARGET_NAME)";
			};
			name = Debug;
		};
		27F7586A19DAF95A008C0412 /* Release */ = {
			isa = XCBuildConfiguration;
			buildSettings = {
				ASSETCATALOG_COMPILER_APPICON_NAME = AppIcon;
				INFOPLIST_FILE = "Square Token/Info.plist";
				LD_RUNPATH_SEARCH_PATHS = "$(inherited) @executable_path/Frameworks";
				PRODUCT_NAME = "$(TARGET_NAME)";
			};
			name = Release;
		};
		27F7586C19DAF95A008C0412 /* Debug */ = {
			isa = XCBuildConfiguration;
			buildSettings = {
				BUNDLE_LOADER = "$(TEST_HOST)";
				FRAMEWORK_SEARCH_PATHS = (
					"$(SDKROOT)/Developer/Library/Frameworks",
					"$(inherited)",
				);
				GCC_PREPROCESSOR_DEFINITIONS = (
					"DEBUG=1",
					"$(inherited)",
				);
				INFOPLIST_FILE = "Square TokenTests/Info.plist";
				LD_RUNPATH_SEARCH_PATHS = "$(inherited) @executable_path/Frameworks @loader_path/Frameworks";
				PRODUCT_NAME = "$(TARGET_NAME)";
				TEST_HOST = "$(BUILT_PRODUCTS_DIR)/Square Token.app/Square Token";
			};
			name = Debug;
		};
		27F7586D19DAF95A008C0412 /* Release */ = {
			isa = XCBuildConfiguration;
			buildSettings = {
				BUNDLE_LOADER = "$(TEST_HOST)";
				FRAMEWORK_SEARCH_PATHS = (
					"$(SDKROOT)/Developer/Library/Frameworks",
					"$(inherited)",
				);
				INFOPLIST_FILE = "Square TokenTests/Info.plist";
				LD_RUNPATH_SEARCH_PATHS = "$(inherited) @executable_path/Frameworks @loader_path/Frameworks";
				PRODUCT_NAME = "$(TARGET_NAME)";
				TEST_HOST = "$(BUILT_PRODUCTS_DIR)/Square Token.app/Square Token";
			};
			name = Release;
		};
/* End XCBuildConfiguration section */

/* Begin XCConfigurationList section */
		27F7584419DAF95A008C0412 /* Build configuration list for PBXProject "Square Token" */ = {
			isa = XCConfigurationList;
			buildConfigurations = (
				27F7586619DAF95A008C0412 /* Debug */,
				27F7586719DAF95A008C0412 /* Release */,
			);
			defaultConfigurationIsVisible = 0;
			defaultConfigurationName = Release;
		};
		27F7586819DAF95A008C0412 /* Build configuration list for PBXNativeTarget "Square Token" */ = {
			isa = XCConfigurationList;
			buildConfigurations = (
				27F7586919DAF95A008C0412 /* Debug */,
				27F7586A19DAF95A008C0412 /* Release */,
			);
			defaultConfigurationIsVisible = 0;
		};
		27F7586B19DAF95A008C0412 /* Build configuration list for PBXNativeTarget "Square TokenTests" */ = {
			isa = XCConfigurationList;
			buildConfigurations = (
				27F7586C19DAF95A008C0412 /* Debug */,
				27F7586D19DAF95A008C0412 /* Release */,
			);
			defaultConfigurationIsVisible = 0;
		};
/* End XCConfigurationList section */
	};
	rootObject = 27F7584119DAF95A008C0412 /* Project object */;
}
